
Microsoft Visual Studio Solution File, Format Version 12.00
# Visual Studio Version 16
VisualStudioVersion = 16.0.30128.74
MinimumVisualStudioVersion = 10.0.40219.1
Project("{FAE04EC0-301F-11D3-BF4B-00C04F79EFBC}") = "TechnicalityConfigTest", "TechnicalityConfigTest\TechnicalityConfigTest.csproj", "{8987DB37-8B17-4199-95EC-4E69F046DD19}"
EndProject
Global
	GlobalSection(SolutionConfigurationPlatforms) = preSolution
		Debug|Any CPU = Debug|Any CPU
		Release|Any CPU = Release|Any CPU
	EndGlobalSection
	GlobalSection(ProjectConfigurationPlatforms) = postSolution
		{8987DB37-8B17-4199-95EC-4E69F046DD19}.Debug|Any CPU.ActiveCfg = Debug|Any CPU
		{8987DB37-8B17-4199-95EC-4E69F046DD19}.Debug|Any CPU.Build.0 = Debug|Any CPU
		{8987DB37-8B17-4199-95EC-4E69F046DD19}.Release|Any CPU.ActiveCfg = Release|Any CPU
		{8987DB37-8B17-4199-95EC-4E69F046DD19}.Release|Any CPU.Build.0 = Release|Any CPU
	EndGlobalSection
	GlobalSection(SolutionProperties) = preSolution
		HideSolutionNode = FALSE
	EndGlobalSection
	GlobalSection(ExtensibilityGlobals) = postSolution
		SolutionGuid = {E25518B0-C410-4064-B581-A8C8E2452324}
	EndGlobalSection
EndGlobal
